
Microsoft Visual Studio Solution File, Format Version 12.00
# Visual Studio Version 16
VisualStudioVersion = 16.0.29503.13
MinimumVisualStudioVersion = 10.0.40219.1
Project("{9A19103F-16F7-4668-BE54-9A1E7A4F7556}") = "WebApi.Cliente", "WebApi.Cliente\WebApi.Cliente.csproj", "{7C980F2B-7DC8-4AE3-85AF-1E37BB419A3B}"
EndProject
Project("{FAE04EC0-301F-11D3-BF4B-00C04F79EFBC}") = "WebApi.Produto", "WebApi.Produto\WebApi.Produto.csproj", "{1650349C-B75A-4677-A133-D487ED42FE50}"
EndProject
Project("{FAE04EC0-301F-11D3-BF4B-00C04F79EFBC}") = "WebApi.ContasAReceber", "WebApi.ContasAReceber\WebApi.ContasAReceber.csproj", "{08C5FD4C-99A9-4080-A997-1F9D50FED2EF}"
EndProject
Project("{FAE04EC0-301F-11D3-BF4B-00C04F79EFBC}") = "WebApi.ContasAPagar", "WebApi.ContasAPagar\WebApi.ContasAPagar.csproj", "{77D59471-1B78-46C3-9137-9ADC5BC9122A}"
EndProject
Project("{FAE04EC0-301F-11D3-BF4B-00C04F79EFBC}") = "WebApi.Caixa", "WebApi.Caixa\WebApi.Caixa.csproj", "{35FD6A90-5564-4F74-B010-14012E6F16EA}"
EndProject
Global
	GlobalSection(SolutionConfigurationPlatforms) = preSolution
		Debug|Any CPU = Debug|Any CPU
		Release|Any CPU = Release|Any CPU
	EndGlobalSection
	GlobalSection(ProjectConfigurationPlatforms) = postSolution
		{7C980F2B-7DC8-4AE3-85AF-1E37BB419A3B}.Debug|Any CPU.ActiveCfg = Debug|Any CPU
		{7C980F2B-7DC8-4AE3-85AF-1E37BB419A3B}.Debug|Any CPU.Build.0 = Debug|Any CPU
		{7C980F2B-7DC8-4AE3-85AF-1E37BB419A3B}.Release|Any CPU.ActiveCfg = Release|Any CPU
		{7C980F2B-7DC8-4AE3-85AF-1E37BB419A3B}.Release|Any CPU.Build.0 = Release|Any CPU
		{1650349C-B75A-4677-A133-D487ED42FE50}.Debug|Any CPU.ActiveCfg = Debug|Any CPU
		{1650349C-B75A-4677-A133-D487ED42FE50}.Debug|Any CPU.Build.0 = Debug|Any CPU
		{1650349C-B75A-4677-A133-D487ED42FE50}.Release|Any CPU.ActiveCfg = Release|Any CPU
		{1650349C-B75A-4677-A133-D487ED42FE50}.Release|Any CPU.Build.0 = Release|Any CPU
		{08C5FD4C-99A9-4080-A997-1F9D50FED2EF}.Debug|Any CPU.ActiveCfg = Debug|Any CPU
		{08C5FD4C-99A9-4080-A997-1F9D50FED2EF}.Debug|Any CPU.Build.0 = Debug|Any CPU
		{08C5FD4C-99A9-4080-A997-1F9D50FED2EF}.Release|Any CPU.ActiveCfg = Release|Any CPU
		{08C5FD4C-99A9-4080-A997-1F9D50FED2EF}.Release|Any CPU.Build.0 = Release|Any CPU
		{77D59471-1B78-46C3-9137-9ADC5BC9122A}.Debug|Any CPU.ActiveCfg = Debug|Any CPU
		{77D59471-1B78-46C3-9137-9ADC5BC9122A}.Debug|Any CPU.Build.0 = Debug|Any CPU
		{77D59471-1B78-46C3-9137-9ADC5BC9122A}.Release|Any CPU.ActiveCfg = Release|Any CPU
		{77D59471-1B78-46C3-9137-9ADC5BC9122A}.Release|Any CPU.Build.0 = Release|Any CPU
		{35FD6A90-5564-4F74-B010-14012E6F16EA}.Debug|Any CPU.ActiveCfg = Debug|Any CPU
		{35FD6A90-5564-4F74-B010-14012E6F16EA}.Debug|Any CPU.Build.0 = Debug|Any CPU
		{35FD6A90-5564-4F74-B010-14012E6F16EA}.Release|Any CPU.ActiveCfg = Release|Any CPU
		{35FD6A90-5564-4F74-B010-14012E6F16EA}.Release|Any CPU.Build.0 = Release|Any CPU
	EndGlobalSection
	GlobalSection(SolutionProperties) = preSolution
		HideSolutionNode = FALSE
	EndGlobalSection
	GlobalSection(ExtensibilityGlobals) = postSolution
		SolutionGuid = {211EBEF9-529A-4D50-9AA3-7CD8A38B5F8A}
	EndGlobalSection
EndGlobal
